
Microsoft Visual Studio Solution File, Format Version 12.00
# Visual Studio Version 17
VisualStudioVersion = 17.0.31903.59
MinimumVisualStudioVersion = 10.0.40219.1
Project("{2150E333-8FDC-42A3-9474-1A3956D46DE8}") = "services", "services", "{05A04FD3-B6D1-4FB0-B352-F0D70104A01D}"
EndProject
Project("{2150E333-8FDC-42A3-9474-1A3956D46DE8}") = "task-management", "task-management", "{E539F75A-494B-404C-933C-5C284DF47844}"
EndProject
Project("{2150E333-8FDC-42A3-9474-1A3956D46DE8}") = "src", "src", "{21E6BA38-E290-475A-9CD3-94CD02196F1F}"
EndProject
Project("{FAE04EC0-301F-11D3-BF4B-00C04F79EFBC}") = "TaskManagement.Domain", "services\task-management\src\TaskManagement.Domain\TaskManagement.Domain.csproj", "{C74C72F8-F5B2-4AAC-82E8-CDC1821FFAF4}"
EndProject
Project("{FAE04EC0-301F-11D3-BF4B-00C04F79EFBC}") = "TaskManagement.Application", "services\task-management\src\TaskManagement.Application\TaskManagement.Application.csproj", "{B1E33839-90AC-405F-A9C2-26C902791652}"
EndProject
Project("{FAE04EC0-301F-11D3-BF4B-00C04F79EFBC}") = "TaskManagement.Infrastructure", "services\task-management\src\TaskManagement.Infrastructure\TaskManagement.Infrastructure.csproj", "{5460DEF5-C424-4898-A568-A6E4427EAF42}"
EndProject
Project("{FAE04EC0-301F-11D3-BF4B-00C04F79EFBC}") = "TaskManagement.Api", "services\task-management\src\TaskManagement.Api\TaskManagement.Api.csproj", "{A9116968-26B1-4408-81FD-F370C9FC5466}"
EndProject
Project("{2150E333-8FDC-42A3-9474-1A3956D46DE8}") = "shared", "shared", "{DB4ED83D-BA8F-4F13-81F3-99EE2E3828C8}"
EndProject
Project("{FAE04EC0-301F-11D3-BF4B-00C04F79EFBC}") = "TaskFlow.Contracts", "shared\TaskFlow.Contracts\TaskFlow.Contracts.csproj", "{752D4D3F-5765-47E1-98A1-4C5F748068E0}"
EndProject
Project("{FAE04EC0-301F-11D3-BF4B-00C04F79EFBC}") = "TaskFlow.Infrastructure", "shared\TaskFlow.Infrastructure\TaskFlow.Infrastructure.csproj", "{EC985104-0372-4EBF-9F77-B4D7688F6012}"
EndProject
Project("{2150E333-8FDC-42A3-9474-1A3956D46DE8}") = "task-execution", "task-execution", "{5E88FA66-6151-4FF8-90B2-EB778820D2EC}"
EndProject
Project("{2150E333-8FDC-42A3-9474-1A3956D46DE8}") = "src", "src", "{E9574EC0-A156-455A-9469-A7ACDA53F1E9}"
EndProject
Project("{FAE04EC0-301F-11D3-BF4B-00C04F79EFBC}") = "TaskExecution.Domain", "services\task-execution\src\TaskExecution.Domain\TaskExecution.Domain.csproj", "{8E44AFCD-7C6E-4042-AAAF-F3068C32509B}"
EndProject
Project("{FAE04EC0-301F-11D3-BF4B-00C04F79EFBC}") = "TaskExecution.Application", "services\task-execution\src\TaskExecution.Application\TaskExecution.Application.csproj", "{59E4B193-BE06-4088-9B11-6D493587386B}"
EndProject
Project("{FAE04EC0-301F-11D3-BF4B-00C04F79EFBC}") = "TaskExecution.Infrastructure", "services\task-execution\src\TaskExecution.Infrastructure\TaskExecution.Infrastructure.csproj", "{20A762ED-B317-4133-8EA8-D0C999BAC39B}"
EndProject
Project("{FAE04EC0-301F-11D3-BF4B-00C04F79EFBC}") = "TaskExecution.Worker", "services\task-execution\src\TaskExecution.Worker\TaskExecution.Worker.csproj", "{FFF92585-6D87-478C-B7F9-240B7738968C}"
EndProject
Project("{2150E333-8FDC-42A3-9474-1A3956D46DE8}") = "notification", "notification", "{F0A26355-BAB2-47FB-B659-804718179DC9}"
EndProject
Project("{2150E333-8FDC-42A3-9474-1A3956D46DE8}") = "src", "src", "{1C62B899-AEA2-4B8D-9C63-C56B4B778283}"
EndProject
Project("{FAE04EC0-301F-11D3-BF4B-00C04F79EFBC}") = "Notification.Api", "services\notification\src\Notification.Api\Notification.Api.csproj", "{52D247E7-9281-4816-9DC0-6DC9659B6E72}"
EndProject
Project("{FAE04EC0-301F-11D3-BF4B-00C04F79EFBC}") = "Notification.Application", "services\notification\src\Notification.Application\Notification.Application.csproj", "{F2B73B18-C1BA-452B-AE0A-F5AD89575816}"
EndProject
Project("{FAE04EC0-301F-11D3-BF4B-00C04F79EFBC}") = "Notification.Infrastructure", "services\notification\src\Notification.Infrastructure\Notification.Infrastructure.csproj", "{C1D4BE09-906D-4318-B104-A7357483912C}"
EndProject
Global
	GlobalSection(SolutionConfigurationPlatforms) = preSolution
		Debug|Any CPU = Debug|Any CPU
		Release|Any CPU = Release|Any CPU
	EndGlobalSection
	GlobalSection(SolutionProperties) = preSolution
		HideSolutionNode = FALSE
	EndGlobalSection
	GlobalSection(ProjectConfigurationPlatforms) = postSolution
		{C74C72F8-F5B2-4AAC-82E8-CDC1821FFAF4}.Debug|Any CPU.ActiveCfg = Debug|Any CPU
		{C74C72F8-F5B2-4AAC-82E8-CDC1821FFAF4}.Debug|Any CPU.Build.0 = Debug|Any CPU
		{C74C72F8-F5B2-4AAC-82E8-CDC1821FFAF4}.Release|Any CPU.ActiveCfg = Release|Any CPU
		{C74C72F8-F5B2-4AAC-82E8-CDC1821FFAF4}.Release|Any CPU.Build.0 = Release|Any CPU
		{B1E33839-90AC-405F-A9C2-26C902791652}.Debug|Any CPU.ActiveCfg = Debug|Any CPU
		{B1E33839-90AC-405F-A9C2-26C902791652}.Debug|Any CPU.Build.0 = Debug|Any CPU
		{B1E33839-90AC-405F-A9C2-26C902791652}.Release|Any CPU.ActiveCfg = Release|Any CPU
		{B1E33839-90AC-405F-A9C2-26C902791652}.Release|Any CPU.Build.0 = Release|Any CPU
		{5460DEF5-C424-4898-A568-A6E4427EAF42}.Debug|Any CPU.ActiveCfg = Debug|Any CPU
		{5460DEF5-C424-4898-A568-A6E4427EAF42}.Debug|Any CPU.Build.0 = Debug|Any CPU
		{5460DEF5-C424-4898-A568-A6E4427EAF42}.Release|Any CPU.ActiveCfg = Release|Any CPU
		{5460DEF5-C424-4898-A568-A6E4427EAF42}.Release|Any CPU.Build.0 = Release|Any CPU
		{A9116968-26B1-4408-81FD-F370C9FC5466}.Debug|Any CPU.ActiveCfg = Debug|Any CPU
		{A9116968-26B1-4408-81FD-F370C9FC5466}.Debug|Any CPU.Build.0 = Debug|Any CPU
		{A9116968-26B1-4408-81FD-F370C9FC5466}.Release|Any CPU.ActiveCfg = Release|Any CPU
		{A9116968-26B1-4408-81FD-F370C9FC5466}.Release|Any CPU.Build.0 = Release|Any CPU
		{752D4D3F-5765-47E1-98A1-4C5F748068E0}.Debug|Any CPU.ActiveCfg = Debug|Any CPU
		{752D4D3F-5765-47E1-98A1-4C5F748068E0}.Debug|Any CPU.Build.0 = Debug|Any CPU
		{752D4D3F-5765-47E1-98A1-4C5F748068E0}.Release|Any CPU.ActiveCfg = Release|Any CPU
		{752D4D3F-5765-47E1-98A1-4C5F748068E0}.Release|Any CPU.Build.0 = Release|Any CPU
		{EC985104-0372-4EBF-9F77-B4D7688F6012}.Debug|Any CPU.ActiveCfg = Debug|Any CPU
		{EC985104-0372-4EBF-9F77-B4D7688F6012}.Debug|Any CPU.Build.0 = Debug|Any CPU
		{EC985104-0372-4EBF-9F77-B4D7688F6012}.Release|Any CPU.ActiveCfg = Release|Any CPU
		{EC985104-0372-4EBF-9F77-B4D7688F6012}.Release|Any CPU.Build.0 = Release|Any CPU
		{8E44AFCD-7C6E-4042-AAAF-F3068C32509B}.Debug|Any CPU.ActiveCfg = Debug|Any CPU
		{8E44AFCD-7C6E-4042-AAAF-F3068C32509B}.Debug|Any CPU.Build.0 = Debug|Any CPU
		{8E44AFCD-7C6E-4042-AAAF-F3068C32509B}.Release|Any CPU.ActiveCfg = Release|Any CPU
		{8E44AFCD-7C6E-4042-AAAF-F3068C32509B}.Release|Any CPU.Build.0 = Release|Any CPU
		{59E4B193-BE06-4088-9B11-6D493587386B}.Debug|Any CPU.ActiveCfg = Debug|Any CPU
		{59E4B193-BE06-4088-9B11-6D493587386B}.Debug|Any CPU.Build.0 = Debug|Any CPU
		{59E4B193-BE06-4088-9B11-6D493587386B}.Release|Any CPU.ActiveCfg = Release|Any CPU
		{59E4B193-BE06-4088-9B11-6D493587386B}.Release|Any CPU.Build.0 = Release|Any CPU
		{20A762ED-B317-4133-8EA8-D0C999BAC39B}.Debug|Any CPU.ActiveCfg = Debug|Any CPU
		{20A762ED-B317-4133-8EA8-D0C999BAC39B}.Debug|Any CPU.Build.0 = Debug|Any CPU
		{20A762ED-B317-4133-8EA8-D0C999BAC39B}.Release|Any CPU.ActiveCfg = Release|Any CPU
		{20A762ED-B317-4133-8EA8-D0C999BAC39B}.Release|Any CPU.Build.0 = Release|Any CPU
		{FFF92585-6D87-478C-B7F9-240B7738968C}.Debug|Any CPU.ActiveCfg = Debug|Any CPU
		{FFF92585-6D87-478C-B7F9-240B7738968C}.Debug|Any CPU.Build.0 = Debug|Any CPU
		{FFF92585-6D87-478C-B7F9-240B7738968C}.Release|Any CPU.ActiveCfg = Release|Any CPU
		{FFF92585-6D87-478C-B7F9-240B7738968C}.Release|Any CPU.Build.0 = Release|Any CPU
		{52D247E7-9281-4816-9DC0-6DC9659B6E72}.Debug|Any CPU.ActiveCfg = Debug|Any CPU
		{52D247E7-9281-4816-9DC0-6DC9659B6E72}.Debug|Any CPU.Build.0 = Debug|Any CPU
		{52D247E7-9281-4816-9DC0-6DC9659B6E72}.Release|Any CPU.ActiveCfg = Release|Any CPU
		{52D247E7-9281-4816-9DC0-6DC9659B6E72}.Release|Any CPU.Build.0 = Release|Any CPU
		{F2B73B18-C1BA-452B-AE0A-F5AD89575816}.Debug|Any CPU.ActiveCfg = Debug|Any CPU
		{F2B73B18-C1BA-452B-AE0A-F5AD89575816}.Debug|Any CPU.Build.0 = Debug|Any CPU
		{F2B73B18-C1BA-452B-AE0A-F5AD89575816}.Release|Any CPU.ActiveCfg = Release|Any CPU
		{F2B73B18-C1BA-452B-AE0A-F5AD89575816}.Release|Any CPU.Build.0 = Release|Any CPU
		{C1D4BE09-906D-4318-B104-A7357483912C}.Debug|Any CPU.ActiveCfg = Debug|Any CPU
		{C1D4BE09-906D-4318-B104-A7357483912C}.Debug|Any CPU.Build.0 = Debug|Any CPU
		{C1D4BE09-906D-4318-B104-A7357483912C}.Release|Any CPU.ActiveCfg = Release|Any CPU
		{C1D4BE09-906D-4318-B104-A7357483912C}.Release|Any CPU.Build.0 = Release|Any CPU
	EndGlobalSection
	GlobalSection(NestedProjects) = preSolution
		{E539F75A-494B-404C-933C-5C284DF47844} = {05A04FD3-B6D1-4FB0-B352-F0D70104A01D}
		{21E6BA38-E290-475A-9CD3-94CD02196F1F} = {E539F75A-494B-404C-933C-5C284DF47844}
		{C74C72F8-F5B2-4AAC-82E8-CDC1821FFAF4} = {21E6BA38-E290-475A-9CD3-94CD02196F1F}
		{B1E33839-90AC-405F-A9C2-26C902791652} = {21E6BA38-E290-475A-9CD3-94CD02196F1F}
		{5460DEF5-C424-4898-A568-A6E4427EAF42} = {21E6BA38-E290-475A-9CD3-94CD02196F1F}
		{A9116968-26B1-4408-81FD-F370C9FC5466} = {21E6BA38-E290-475A-9CD3-94CD02196F1F}
		{752D4D3F-5765-47E1-98A1-4C5F748068E0} = {DB4ED83D-BA8F-4F13-81F3-99EE2E3828C8}
		{EC985104-0372-4EBF-9F77-B4D7688F6012} = {DB4ED83D-BA8F-4F13-81F3-99EE2E3828C8}
		{5E88FA66-6151-4FF8-90B2-EB778820D2EC} = {05A04FD3-B6D1-4FB0-B352-F0D70104A01D}
		{E9574EC0-A156-455A-9469-A7ACDA53F1E9} = {5E88FA66-6151-4FF8-90B2-EB778820D2EC}
		{8E44AFCD-7C6E-4042-AAAF-F3068C32509B} = {E9574EC0-A156-455A-9469-A7ACDA53F1E9}
		{59E4B193-BE06-4088-9B11-6D493587386B} = {E9574EC0-A156-455A-9469-A7ACDA53F1E9}
		{20A762ED-B317-4133-8EA8-D0C999BAC39B} = {E9574EC0-A156-455A-9469-A7ACDA53F1E9}
		{FFF92585-6D87-478C-B7F9-240B7738968C} = {E9574EC0-A156-455A-9469-A7ACDA53F1E9}
		{F0A26355-BAB2-47FB-B659-804718179DC9} = {05A04FD3-B6D1-4FB0-B352-F0D70104A01D}
		{1C62B899-AEA2-4B8D-9C63-C56B4B778283} = {F0A26355-BAB2-47FB-B659-804718179DC9}
		{52D247E7-9281-4816-9DC0-6DC9659B6E72} = {1C62B899-AEA2-4B8D-9C63-C56B4B778283}
		{F2B73B18-C1BA-452B-AE0A-F5AD89575816} = {1C62B899-AEA2-4B8D-9C63-C56B4B778283}
		{C1D4BE09-906D-4318-B104-A7357483912C} = {1C62B899-AEA2-4B8D-9C63-C56B4B778283}
	EndGlobalSection
EndGlobal
